
Microsoft Visual Studio Solution File, Format Version 12.00
# Visual Studio Version 16
VisualStudioVersion = 16.0.29326.143
MinimumVisualStudioVersion = 10.0.40219.1
Project("{FAE04EC0-301F-11D3-BF4B-00C04F79EFBC}") = "Open-Lab-01", "Open-Lab-01.csproj", "{71DFC232-93D3-44E3-94CA-0260687BC660}"
EndProject
Global
	GlobalSection(SolutionConfigurationPlatforms) = preSolution
		Debug|Any CPU = Debug|Any CPU
		Release|Any CPU = Release|Any CPU
	EndGlobalSection
	GlobalSection(ProjectConfigurationPlatforms) = postSolution
		{71DFC232-93D3-44E3-94CA-0260687BC660}.Debug|Any CPU.ActiveCfg = Debug|Any CPU
		{71DFC232-93D3-44E3-94CA-0260687BC660}.Debug|Any CPU.Build.0 = Debug|Any CPU
		{71DFC232-93D3-44E3-94CA-0260687BC660}.Release|Any CPU.ActiveCfg = Release|Any CPU
		{71DFC232-93D3-44E3-94CA-0260687BC660}.Release|Any CPU.Build.0 = Release|Any CPU
	EndGlobalSection
	GlobalSection(SolutionProperties) = preSolution
		HideSolutionNode = FALSE
	EndGlobalSection
	GlobalSection(ExtensibilityGlobals) = postSolution
		SolutionGuid = {1FFF1B0E-E471-41C1-8F30-77A34E6F6EA4}
	EndGlobalSection
EndGlobal
